// !$*UTF8*$!
{
	archiveVersion = 1;
	classes = {
	};
	objectVersion = 55;
	objects = {

/* Begin PBXBuildFile section */
		D111C4B6295DC5F50043997F /* NotesEntity.xcdatamodeld in Sources */ = {isa = PBXBuildFile; fileRef = D111C4B4295DC5F50043997F /* NotesEntity.xcdatamodeld */; };
		D117EA1C295D788B00F8905D /* ViewNotesVC.swift in Sources */ = {isa = PBXBuildFile; fileRef = D117EA1B295D788B00F8905D /* ViewNotesVC.swift */; };
		D117EA1E295D989200F8905D /* ImageViewerVC.swift in Sources */ = {isa = PBXBuildFile; fileRef = D117EA1D295D989200F8905D /* ImageViewerVC.swift */; };
		D1B89BC0295C44F1000C84AF /* AppDelegate.swift in Sources */ = {isa = PBXBuildFile; fileRef = D1B89BBF295C44F1000C84AF /* AppDelegate.swift */; };
		D1B89BC2295C44F1000C84AF /* SceneDelegate.swift in Sources */ = {isa = PBXBuildFile; fileRef = D1B89BC1295C44F1000C84AF /* SceneDelegate.swift */; };
		D1B89BC4295C44F1000C84AF /* NotesHomeVC.swift in Sources */ = {isa = PBXBuildFile; fileRef = D1B89BC3295C44F1000C84AF /* NotesHomeVC.swift */; };
		D1B89BC7295C44F1000C84AF /* Main.storyboard in Resources */ = {isa = PBXBuildFile; fileRef = D1B89BC5295C44F1000C84AF /* Main.storyboard */; };
		D1B89BCC295C44F4000C84AF /* Assets.xcassets in Resources */ = {isa = PBXBuildFile; fileRef = D1B89BCB295C44F4000C84AF /* Assets.xcassets */; };
		D1B89BCF295C44F4000C84AF /* LaunchScreen.storyboard in Resources */ = {isa = PBXBuildFile; fileRef = D1B89BCD295C44F4000C84AF /* LaunchScreen.storyboard */; };
		D1B89BDA295C46CD000C84AF /* NewNotesVC.swift in Sources */ = {isa = PBXBuildFile; fileRef = D1B89BD9295C46CD000C84AF /* NewNotesVC.swift */; };
		D1B89BDC295C49AE000C84AF /* NotesCVC.swift in Sources */ = {isa = PBXBuildFile; fileRef = D1B89BDB295C49AE000C84AF /* NotesCVC.swift */; };
		EA7A3C4FD1C7000B0BDDC857 /* Pods_Notes.framework in Frameworks */ = {isa = PBXBuildFile; fileRef = DD312D7F2B9F61C792EC2744 /* Pods_Notes.framework */; };
/* End PBXBuildFile section */

/* Begin PBXFileReference section */
		5F50E9F1AC2227B5CD32683A /* Pods-Notes.release.xcconfig */ = {isa = PBXFileReference; includeInIndex = 1; lastKnownFileType = text.xcconfig; name = "Pods-Notes.release.xcconfig"; path = "Target Support Files/Pods-Notes/Pods-Notes.release.xcconfig"; sourceTree = "<group>"; };
		727C6BE728A311CB717EAE18 /* Pods-Notes.debug.xcconfig */ = {isa = PBXFileReference; includeInIndex = 1; lastKnownFileType = text.xcconfig; name = "Pods-Notes.debug.xcconfig"; path = "Target Support Files/Pods-Notes/Pods-Notes.debug.xcconfig"; sourceTree = "<group>"; };
		D111C4B5295DC5F50043997F /* NotesModel.xcdatamodel */ = {isa = PBXFileReference; lastKnownFileType = wrapper.xcdatamodel; path = NotesModel.xcdatamodel; sourceTree = "<group>"; };
		D117EA1B295D788B00F8905D /* ViewNotesVC.swift */ = {isa = PBXFileReference; lastKnownFileType = sourcecode.swift; path = ViewNotesVC.swift; sourceTree = "<group>"; };
		D117EA1D295D989200F8905D /* ImageViewerVC.swift */ = {isa = PBXFileReference; lastKnownFileType = sourcecode.swift; path = ImageViewerVC.swift; sourceTree = "<group>"; };
		D1B89BBC295C44F1000C84AF /* Notes.app */ = {isa = PBXFileReference; explicitFileType = wrapper.application; includeInIndex = 0; path = Notes.app; sourceTree = BUILT_PRODUCTS_DIR; };
		D1B89BBF295C44F1000C84AF /* AppDelegate.swift */ = {isa = PBXFileReference; lastKnownFileType = sourcecode.swift; path = AppDelegate.swift; sourceTree = "<group>"; };
		D1B89BC1295C44F1000C84AF /* SceneDelegate.swift */ = {isa = PBXFileReference; lastKnownFileType = sourcecode.swift; path = SceneDelegate.swift; sourceTree = "<group>"; };
		D1B89BC3295C44F1000C84AF /* NotesHomeVC.swift */ = {isa = PBXFileReference; lastKnownFileType = sourcecode.swift; path = NotesHomeVC.swift; sourceTree = "<group>"; };
		D1B89BC6295C44F1000C84AF /* Base */ = {isa = PBXFileReference; lastKnownFileType = file.storyboard; name = Base; path = Base.lproj/Main.storyboard; sourceTree = "<group>"; };
		D1B89BCB295C44F4000C84AF /* Assets.xcassets */ = {isa = PBXFileReference; lastKnownFileType = folder.assetcatalog; path = Assets.xcassets; sourceTree = "<group>"; };
		D1B89BCE295C44F4000C84AF /* Base */ = {isa = PBXFileReference; lastKnownFileType = file.storyboard; name = Base; path = Base.lproj/LaunchScreen.storyboard; sourceTree = "<group>"; };
		D1B89BD0295C44F4000C84AF /* Info.plist */ = {isa = PBXFileReference; lastKnownFileType = text.plist.xml; path = Info.plist; sourceTree = "<group>"; };
		D1B89BD9295C46CD000C84AF /* NewNotesVC.swift */ = {isa = PBXFileReference; lastKnownFileType = sourcecode.swift; path = NewNotesVC.swift; sourceTree = "<group>"; };
		D1B89BDB295C49AE000C84AF /* NotesCVC.swift */ = {isa = PBXFileReference; lastKnownFileType = sourcecode.swift; path = NotesCVC.swift; sourceTree = "<group>"; };
		DD312D7F2B9F61C792EC2744 /* Pods_Notes.framework */ = {isa = PBXFileReference; explicitFileType = wrapper.framework; includeInIndex = 0; path = Pods_Notes.framework; sourceTree = BUILT_PRODUCTS_DIR; };
/* End PBXFileReference section */

/* Begin PBXFrameworksBuildPhase section */
		D1B89BB9295C44F1000C84AF /* Frameworks */ = {
			isa = PBXFrameworksBuildPhase;
			buildActionMask = 2147483647;
			files = (
				EA7A3C4FD1C7000B0BDDC857 /* Pods_Notes.framework in Frameworks */,
			);
			runOnlyForDeploymentPostprocessing = 0;
		};
/* End PBXFrameworksBuildPhase section */

/* Begin PBXGroup section */
		5DF25A5044025A8456839783 /* Frameworks */ = {
			isa = PBXGroup;
			children = (
				DD312D7F2B9F61C792EC2744 /* Pods_Notes.framework */,
			);
			name = Frameworks;
			sourceTree = "<group>";
		};
		D1B89BB3295C44F1000C84AF = {
			isa = PBXGroup;
			children = (
				D1B89BBE295C44F1000C84AF /* Notes */,
				D1B89BBD295C44F1000C84AF /* Products */,
				E5795800BE59C0D0E4B3C26B /* Pods */,
				5DF25A5044025A8456839783 /* Frameworks */,
			);
			sourceTree = "<group>";
		};
		D1B89BBD295C44F1000C84AF /* Products */ = {
			isa = PBXGroup;
			children = (
				D1B89BBC295C44F1000C84AF /* Notes.app */,
			);
			name = Products;
			sourceTree = "<group>";
		};
		D1B89BBE295C44F1000C84AF /* Notes */ = {
			isa = PBXGroup;
			children = (
				D1B89BBF295C44F1000C84AF /* AppDelegate.swift */,
				D111C4B4295DC5F50043997F /* NotesEntity.xcdatamodeld */,
				D1B89BC1295C44F1000C84AF /* SceneDelegate.swift */,
				D1B89BC3295C44F1000C84AF /* NotesHomeVC.swift */,
				D1B89BD9295C46CD000C84AF /* NewNotesVC.swift */,
				D1B89BDB295C49AE000C84AF /* NotesCVC.swift */,
				D117EA1B295D788B00F8905D /* ViewNotesVC.swift */,
				D117EA1D295D989200F8905D /* ImageViewerVC.swift */,
				D1B89BC5295C44F1000C84AF /* Main.storyboard */,
				D1B89BCB295C44F4000C84AF /* Assets.xcassets */,
				D1B89BCD295C44F4000C84AF /* LaunchScreen.storyboard */,
				D1B89BD0295C44F4000C84AF /* Info.plist */,
			);
			path = Notes;
			sourceTree = "<group>";
		};
		E5795800BE59C0D0E4B3C26B /* Pods */ = {
			isa = PBXGroup;
			children = (
				727C6BE728A311CB717EAE18 /* Pods-Notes.debug.xcconfig */,
				5F50E9F1AC2227B5CD32683A /* Pods-Notes.release.xcconfig */,
			);
			path = Pods;
			sourceTree = "<group>";
		};
/* End PBXGroup section */

/* Begin PBXNativeTarget section */
		D1B89BBB295C44F1000C84AF /* Notes */ = {
			isa = PBXNativeTarget;
			buildConfigurationList = D1B89BD3295C44F4000C84AF /* Build configuration list for PBXNativeTarget "Notes" */;
			buildPhases = (
				985467DC0CA75FAF34B9498B /* [CP] Check Pods Manifest.lock */,
				D1B89BB8295C44F1000C84AF /* Sources */,
				D1B89BB9295C44F1000C84AF /* Frameworks */,
				D1B89BBA295C44F1000C84AF /* Resources */,
				2B09580120CCA65F05BA8E32 /* [CP] Embed Pods Frameworks */,
			);
			buildRules = (
			);
			dependencies = (
			);
			name = Notes;
			productName = Notes;
			productReference = D1B89BBC295C44F1000C84AF /* Notes.app */;
			productType = "com.apple.product-type.application";
		};
/* End PBXNativeTarget section */

/* Begin PBXProject section */
		D1B89BB4295C44F1000C84AF /* Project object */ = {
			isa = PBXProject;
			attributes = {
				BuildIndependentTargetsInParallel = 1;
				LastSwiftUpdateCheck = 1300;
				LastUpgradeCheck = 1300;
				TargetAttributes = {
					D1B89BBB295C44F1000C84AF = {
						CreatedOnToolsVersion = 13.0;
					};
				};
			};
			buildConfigurationList = D1B89BB7295C44F1000C84AF /* Build configuration list for PBXProject "Notes" */;
			compatibilityVersion = "Xcode 13.0";
			developmentRegion = en;
			hasScannedForEncodings = 0;
			knownRegions = (
				en,
				Base,
			);
			mainGroup = D1B89BB3295C44F1000C84AF;
			productRefGroup = D1B89BBD295C44F1000C84AF /* Products */;
			projectDirPath = "";
			projectRoot = "";
			targets = (
				D1B89BBB295C44F1000C84AF /* Notes */,
			);
		};
/* End PBXProject section */

/* Begin PBXResourcesBuildPhase section */
		D1B89BBA295C44F1000C84AF /* Resources */ = {
			isa = PBXResourcesBuildPhase;
			buildActionMask = 2147483647;
			files = (
				D1B89BCF295C44F4000C84AF /* LaunchScreen.storyboard in Resources */,
				D1B89BCC295C44F4000C84AF /* Assets.xcassets in Resources */,
				D1B89BC7295C44F1000C84AF /* Main.storyboard in Resources */,
			);
			runOnlyForDeploymentPostprocessing = 0;
		};
/* End PBXResourcesBuildPhase section */

/* Begin PBXShellScriptBuildPhase section */
		2B09580120CCA65F05BA8E32 /* [CP] Embed Pods Frameworks */ = {
			isa = PBXShellScriptBuildPhase;
			buildActionMask = 2147483647;
			files = (
			);
			inputFileListPaths = (
				"${PODS_ROOT}/Target Support Files/Pods-Notes/Pods-Notes-frameworks-${CONFIGURATION}-input-files.xcfilelist",
			);
			name = "[CP] Embed Pods Frameworks";
			outputFileListPaths = (
				"${PODS_ROOT}/Target Support Files/Pods-Notes/Pods-Notes-frameworks-${CONFIGURATION}-output-files.xcfilelist",
			);
			runOnlyForDeploymentPostprocessing = 0;
			shellPath = /bin/sh;
			shellScript = "\"${PODS_ROOT}/Target Support Files/Pods-Notes/Pods-Notes-frameworks.sh\"\n";
			showEnvVarsInLog = 0;
		};
		985467DC0CA75FAF34B9498B /* [CP] Check Pods Manifest.lock */ = {
			isa = PBXShellScriptBuildPhase;
			buildActionMask = 2147483647;
			files = (
			);
			inputFileListPaths = (
			);
			inputPaths = (
				"${PODS_PODFILE_DIR_PATH}/Podfile.lock",
				"${PODS_ROOT}/Manifest.lock",
			);
			name = "[CP] Check Pods Manifest.lock";
			outputFileListPaths = (
			);
			outputPaths = (
				"$(DERIVED_FILE_DIR)/Pods-Notes-checkManifestLockResult.txt",
			);
			runOnlyForDeploymentPostprocessing = 0;
			shellPath = /bin/sh;
			shellScript = "diff \"${PODS_PODFILE_DIR_PATH}/Podfile.lock\" \"${PODS_ROOT}/Manifest.lock\" > /dev/null\nif [ $? != 0 ] ; then\n    # print error to STDERR\n    echo \"error: The sandbox is not in sync with the Podfile.lock. Run 'pod install' or update your CocoaPods installation.\" >&2\n    exit 1\nfi\n# This output is used by Xcode 'outputs' to avoid re-running this script phase.\necho \"SUCCESS\" > \"${SCRIPT_OUTPUT_FILE_0}\"\n";
			showEnvVarsInLog = 0;
		};
/* End PBXShellScriptBuildPhase section */

/* Begin PBXSourcesBuildPhase section */
		D1B89BB8295C44F1000C84AF /* Sources */ = {
			isa = PBXSourcesBuildPhase;
			buildActionMask = 2147483647;
			files = (
				D1B89BC4295C44F1000C84AF /* NotesHomeVC.swift in Sources */,
				D111C4B6295DC5F50043997F /* NotesEntity.xcdatamodeld in Sources */,
				D1B89BC0295C44F1000C84AF /* AppDelegate.swift in Sources */,
				D1B89BC2295C44F1000C84AF /* SceneDelegate.swift in Sources */,
				D1B89BDC295C49AE000C84AF /* NotesCVC.swift in Sources */,
				D1B89BDA295C46CD000C84AF /* NewNotesVC.swift in Sources */,
				D117EA1E295D989200F8905D /* ImageViewerVC.swift in Sources */,
				D117EA1C295D788B00F8905D /* ViewNotesVC.swift in Sources */,
			);
			runOnlyForDeploymentPostprocessing = 0;
		};
/* End PBXSourcesBuildPhase section */

/* Begin PBXVariantGroup section */
		D1B89BC5295C44F1000C84AF /* Main.storyboard */ = {
			isa = PBXVariantGroup;
			children = (
				D1B89BC6295C44F1000C84AF /* Base */,
			);
			name = Main.storyboard;
			sourceTree = "<group>";
		};
		D1B89BCD295C44F4000C84AF /* LaunchScreen.storyboard */ = {
			isa = PBXVariantGroup;
			children = (
				D1B89BCE295C44F4000C84AF /* Base */,
			);
			name = LaunchScreen.storyboard;
			sourceTree = "<group>";
		};
/* End PBXVariantGroup section */

/* Begin XCBuildConfiguration section */
		D1B89BD1295C44F4000C84AF /* Debug */ = {
			isa = XCBuildConfiguration;
			buildSettings = {
				ALWAYS_SEARCH_USER_PATHS = NO;
				CLANG_ANALYZER_NONNULL = YES;
				CLANG_ANALYZER_NUMBER_OBJECT_CONVERSION = YES_AGGRESSIVE;
				CLANG_CXX_LANGUAGE_STANDARD = "gnu++17";
				CLANG_CXX_LIBRARY = "libc++";
				CLANG_ENABLE_MODULES = YES;
				CLANG_ENABLE_OBJC_ARC = YES;
				CLANG_ENABLE_OBJC_WEAK = YES;
				CLANG_WARN_BLOCK_CAPTURE_AUTORELEASING = YES;
				CLANG_WARN_BOOL_CONVERSION = YES;
				CLANG_WARN_COMMA = YES;
				CLANG_WARN_CONSTANT_CONVERSION = YES;
				CLANG_WARN_DEPRECATED_OBJC_IMPLEMENTATIONS = YES;
				CLANG_WARN_DIRECT_OBJC_ISA_USAGE = YES_ERROR;
				CLANG_WARN_DOCUMENTATION_COMMENTS = YES;
				CLANG_WARN_EMPTY_BODY = YES;
				CLANG_WARN_ENUM_CONVERSION = YES;
				CLANG_WARN_INFINITE_RECURSION = YES;
				CLANG_WARN_INT_CONVERSION = YES;
				CLANG_WARN_NON_LITERAL_NULL_CONVERSION = YES;
				CLANG_WARN_OBJC_IMPLICIT_RETAIN_SELF = YES;
				CLANG_WARN_OBJC_LITERAL_CONVERSION = YES;
				CLANG_WARN_OBJC_ROOT_CLASS = YES_ERROR;
				CLANG_WARN_QUOTED_INCLUDE_IN_FRAMEWORK_HEADER = YES;
				CLANG_WARN_RANGE_LOOP_ANALYSIS = YES;
				CLANG_WARN_STRICT_PROTOTYPES = YES;
				CLANG_WARN_SUSPICIOUS_MOVE = YES;
				CLANG_WARN_UNGUARDED_AVAILABILITY = YES_AGGRESSIVE;
				CLANG_WARN_UNREACHABLE_CODE = YES;
				CLANG_WARN__DUPLICATE_METHOD_MATCH = YES;
				COPY_PHASE_STRIP = NO;
				DEBUG_INFORMATION_FORMAT = dwarf;
				ENABLE_STRICT_OBJC_MSGSEND = YES;
				ENABLE_TESTABILITY = YES;
				GCC_C_LANGUAGE_STANDARD = gnu11;
				GCC_DYNAMIC_NO_PIC = NO;
				GCC_NO_COMMON_BLOCKS = YES;
				GCC_OPTIMIZATION_LEVEL = 0;
				GCC_PREPROCESSOR_DEFINITIONS = (
					"DEBUG=1",
					"$(inherited)",
				);
				GCC_WARN_64_TO_32_BIT_CONVERSION = YES;
				GCC_WARN_ABOUT_RETURN_TYPE = YES_ERROR;
				GCC_WARN_UNDECLARED_SELECTOR = YES;
				GCC_WARN_UNINITIALIZED_AUTOS = YES_AGGRESSIVE;
				GCC_WARN_UNUSED_FUNCTION = YES;
				GCC_WARN_UNUSED_VARIABLE = YES;
				IPHONEOS_DEPLOYMENT_TARGET = 15.0;
				MTL_ENABLE_DEBUG_INFO = INCLUDE_SOURCE;
				MTL_FAST_MATH = YES;
				ONLY_ACTIVE_ARCH = YES;
				SDKROOT = iphoneos;
				SWIFT_ACTIVE_COMPILATION_CONDITIONS = DEBUG;
				SWIFT_OPTIMIZATION_LEVEL = "-Onone";
			};
			name = Debug;
		};
		D1B89BD2295C44F4000C84AF /* Release */ = {
			isa = XCBuildConfiguration;
			buildSettings = {
				ALWAYS_SEARCH_USER_PATHS = NO;
				CLANG_ANALYZER_NONNULL = YES;
				CLANG_ANALYZER_NUMBER_OBJECT_CONVERSION = YES_AGGRESSIVE;
				CLANG_CXX_LANGUAGE_STANDARD = "gnu++17";
				CLANG_CXX_LIBRARY = "libc++";
				CLANG_ENABLE_MODULES = YES;
				CLANG_ENABLE_OBJC_ARC = YES;
				CLANG_ENABLE_OBJC_WEAK = YES;
				CLANG_WARN_BLOCK_CAPTURE_AUTORELEASING = YES;
				CLANG_WARN_BOOL_CONVERSION = YES;
				CLANG_WARN_COMMA = YES;
				CLANG_WARN_CONSTANT_CONVERSION = YES;
				CLANG_WARN_DEPRECATED_OBJC_IMPLEMENTATIONS = YES;
				CLANG_WARN_DIRECT_OBJC_ISA_USAGE = YES_ERROR;
				CLANG_WARN_DOCUMENTATION_COMMENTS = YES;
				CLANG_WARN_EMPTY_BODY = YES;
				CLANG_WARN_ENUM_CONVERSION = YES;
				CLANG_WARN_INFINITE_RECURSION = YES;
				CLANG_WARN_INT_CONVERSION = YES;
				CLANG_WARN_NON_LITERAL_NULL_CONVERSION = YES;
				CLANG_WARN_OBJC_IMPLICIT_RETAIN_SELF = YES;
				CLANG_WARN_OBJC_LITERAL_CONVERSION = YES;
				CLANG_WARN_OBJC_ROOT_CLASS = YES_ERROR;
				CLANG_WARN_QUOTED_INCLUDE_IN_FRAMEWORK_HEADER = YES;
				CLANG_WARN_RANGE_LOOP_ANALYSIS = YES;
				CLANG_WARN_STRICT_PROTOTYPES = YES;
				CLANG_WARN_SUSPICIOUS_MOVE = YES;
				CLANG_WARN_UNGUARDED_AVAILABILITY = YES_AGGRESSIVE;
				CLANG_WARN_UNREACHABLE_CODE = YES;
				CLANG_WARN__DUPLICATE_METHOD_MATCH = YES;
				COPY_PHASE_STRIP = NO;
				DEBUG_INFORMATION_FORMAT = "dwarf-with-dsym";
				ENABLE_NS_ASSERTIONS = NO;
				ENABLE_STRICT_OBJC_MSGSEND = YES;
				GCC_C_LANGUAGE_STANDARD = gnu11;
				GCC_NO_COMMON_BLOCKS = YES;
				GCC_WARN_64_TO_32_BIT_CONVERSION = YES;
				GCC_WARN_ABOUT_RETURN_TYPE = YES_ERROR;
				GCC_WARN_UNDECLARED_SELECTOR = YES;
				GCC_WARN_UNINITIALIZED_AUTOS = YES_AGGRESSIVE;
				GCC_WARN_UNUSED_FUNCTION = YES;
				GCC_WARN_UNUSED_VARIABLE = YES;
				IPHONEOS_DEPLOYMENT_TARGET = 15.0;
				MTL_ENABLE_DEBUG_INFO = NO;
				MTL_FAST_MATH = YES;
				SDKROOT = iphoneos;
				SWIFT_COMPILATION_MODE = wholemodule;
				SWIFT_OPTIMIZATION_LEVEL = "-O";
				VALIDATE_PRODUCT = YES;
			};
			name = Release;
		};
		D1B89BD4295C44F4000C84AF /* Debug */ = {
			isa = XCBuildConfiguration;
			baseConfigurationReference = 727C6BE728A311CB717EAE18 /* Pods-Notes.debug.xcconfig */;
			buildSettings = {
				ASSETCATALOG_COMPILER_APPICON_NAME = AppIcon;
				ASSETCATALOG_COMPILER_GLOBAL_ACCENT_COLOR_NAME = AccentColor;
				CODE_SIGN_STYLE = Automatic;
				CURRENT_PROJECT_VERSION = 1;
				DEVELOPMENT_TEAM = W89HL6566S;
				GENERATE_INFOPLIST_FILE = YES;
				INFOPLIST_FILE = Notes/Info.plist;
				INFOPLIST_KEY_CFBundleDisplayName = Notes;
				INFOPLIST_KEY_UIApplicationSupportsIndirectInputEvents = YES;
				INFOPLIST_KEY_UILaunchStoryboardName = LaunchScreen;
				INFOPLIST_KEY_UIMainStoryboardFile = Main;
				INFOPLIST_KEY_UISupportedInterfaceOrientations_iPad = "UIInterfaceOrientationPortrait UIInterfaceOrientationPortraitUpsideDown UIInterfaceOrientationLandscapeLeft UIInterfaceOrientationLandscapeRight";
				INFOPLIST_KEY_UISupportedInterfaceOrientations_iPhone = "UIInterfaceOrientationPortrait UIInterfaceOrientationLandscapeLeft UIInterfaceOrientationLandscapeRight";
				LD_RUNPATH_SEARCH_PATHS = (
					"$(inherited)",
					"@executable_path/Frameworks",
				);
				MARKETING_VERSION = 1.0;
				PRODUCT_BUNDLE_IDENTIFIER = trioangle.Notes;
				PRODUCT_NAME = "$(TARGET_NAME)";
				SWIFT_EMIT_LOC_STRINGS = YES;
				SWIFT_VERSION = 5.0;
				TARGETED_DEVICE_FAMILY = "1,2";
			};
			name = Debug;
		};
		D1B89BD5295C44F4000C84AF /* Release */ = {
			isa = XCBuildConfiguration;
			baseConfigurationReference = 5F50E9F1AC2227B5CD32683A /* Pods-Notes.release.xcconfig */;
			buildSettings = {
				ASSETCATALOG_COMPILER_APPICON_NAME = AppIcon;
				ASSETCATALOG_COMPILER_GLOBAL_ACCENT_COLOR_NAME = AccentColor;
				CODE_SIGN_STYLE = Automatic;
				CURRENT_PROJECT_VERSION = 1;
				DEVELOPMENT_TEAM = W89HL6566S;
				GENERATE_INFOPLIST_FILE = YES;
				INFOPLIST_FILE = Notes/Info.plist;
				INFOPLIST_KEY_CFBundleDisplayName = Notes;
				INFOPLIST_KEY_UIApplicationSupportsIndirectInputEvents = YES;
				INFOPLIST_KEY_UILaunchStoryboardName = LaunchScreen;
				INFOPLIST_KEY_UIMainStoryboardFile = Main;
				INFOPLIST_KEY_UISupportedInterfaceOrientations_iPad = "UIInterfaceOrientationPortrait UIInterfaceOrientationPortraitUpsideDown UIInterfaceOrientationLandscapeLeft UIInterfaceOrientationLandscapeRight";
				INFOPLIST_KEY_UISupportedInterfaceOrientations_iPhone = "UIInterfaceOrientationPortrait UIInterfaceOrientationLandscapeLeft UIInterfaceOrientationLandscapeRight";
				LD_RUNPATH_SEARCH_PATHS = (
					"$(inherited)",
					"@executable_path/Frameworks",
				);
				MARKETING_VERSION = 1.0;
				PRODUCT_BUNDLE_IDENTIFIER = trioangle.Notes;
				PRODUCT_NAME = "$(TARGET_NAME)";
				SWIFT_EMIT_LOC_STRINGS = YES;
				SWIFT_VERSION = 5.0;
				TARGETED_DEVICE_FAMILY = "1,2";
			};
			name = Release;
		};
/* End XCBuildConfiguration section */

/* Begin XCConfigurationList section */
		D1B89BB7295C44F1000C84AF /* Build configuration list for PBXProject "Notes" */ = {
			isa = XCConfigurationList;
			buildConfigurations = (
				D1B89BD1295C44F4000C84AF /* Debug */,
				D1B89BD2295C44F4000C84AF /* Release */,
			);
			defaultConfigurationIsVisible = 0;
			defaultConfigurationName = Release;
		};
		D1B89BD3295C44F4000C84AF /* Build configuration list for PBXNativeTarget "Notes" */ = {
			isa = XCConfigurationList;
			buildConfigurations = (
				D1B89BD4295C44F4000C84AF /* Debug */,
				D1B89BD5295C44F4000C84AF /* Release */,
			);
			defaultConfigurationIsVisible = 0;
			defaultConfigurationName = Release;
		};
/* End XCConfigurationList section */

/* Begin XCVersionGroup section */
		D111C4B4295DC5F50043997F /* NotesEntity.xcdatamodeld */ = {
			isa = XCVersionGroup;
			children = (
				D111C4B5295DC5F50043997F /* NotesModel.xcdatamodel */,
			);
			currentVersion = D111C4B5295DC5F50043997F /* NotesModel.xcdatamodel */;
			path = NotesEntity.xcdatamodeld;
			sourceTree = "<group>";
			versionGroupType = wrapper.xcdatamodel;
		};
/* End XCVersionGroup section */
	};
	rootObject = D1B89BB4295C44F1000C84AF /* Project object */;
}
